
Microsoft Visual Studio Solution File, Format Version 12.00
# Visual Studio Version 17
VisualStudioVersion = 17.13.35931.197 d17.13
MinimumVisualStudioVersion = 10.0.40219.1
Project("{FAE04EC0-301F-11D3-BF4B-00C04F79EFBC}") = "CloudFileStorage", "CloudFileStorage\CloudFileStorage.csproj", "{FF60F51E-FDE3-4F1D-9EDA-C0AA3FD2C296}"
EndProject
Global
	GlobalSection(SolutionConfigurationPlatforms) = preSolution
		Debug|Any CPU = Debug|Any CPU
		Release|Any CPU = Release|Any CPU
	EndGlobalSection
	GlobalSection(ProjectConfigurationPlatforms) = postSolution
		{FF60F51E-FDE3-4F1D-9EDA-C0AA3FD2C296}.Debug|Any CPU.ActiveCfg = Debug|Any CPU
		{FF60F51E-FDE3-4F1D-9EDA-C0AA3FD2C296}.Debug|Any CPU.Build.0 = Debug|Any CPU
		{FF60F51E-FDE3-4F1D-9EDA-C0AA3FD2C296}.Release|Any CPU.ActiveCfg = Release|Any CPU
		{FF60F51E-FDE3-4F1D-9EDA-C0AA3FD2C296}.Release|Any CPU.Build.0 = Release|Any CPU
	EndGlobalSection
	GlobalSection(SolutionProperties) = preSolution
		HideSolutionNode = FALSE
	EndGlobalSection
	GlobalSection(ExtensibilityGlobals) = postSolution
		SolutionGuid = {1CA20696-79DD-4031-B68D-E276E724E357}
	EndGlobalSection
EndGlobal
